
Microsoft Visual Studio Solution File, Format Version 12.00
# Visual Studio 15
VisualStudioVersion = 15.0.28010.2046
MinimumVisualStudioVersion = 10.0.40219.1
Project("{FAE04EC0-301F-11D3-BF4B-00C04F79EFBC}") = "WindowsFormsApp12", "WindowsFormsApp12\WindowsFormsApp12.csproj", "{3F2427D9-2356-45FE-B76C-49F89A620324}"
EndProject
Global
	GlobalSection(SolutionConfigurationPlatforms) = preSolution
		Debug|Any CPU = Debug|Any CPU
		Release|Any CPU = Release|Any CPU
	EndGlobalSection
	GlobalSection(ProjectConfigurationPlatforms) = postSolution
		{3F2427D9-2356-45FE-B76C-49F89A620324}.Debug|Any CPU.ActiveCfg = Debug|Any CPU
		{3F2427D9-2356-45FE-B76C-49F89A620324}.Debug|Any CPU.Build.0 = Debug|Any CPU
		{3F2427D9-2356-45FE-B76C-49F89A620324}.Release|Any CPU.ActiveCfg = Release|Any CPU
		{3F2427D9-2356-45FE-B76C-49F89A620324}.Release|Any CPU.Build.0 = Release|Any CPU
	EndGlobalSection
	GlobalSection(SolutionProperties) = preSolution
		HideSolutionNode = FALSE
	EndGlobalSection
	GlobalSection(ExtensibilityGlobals) = postSolution
		SolutionGuid = {9DDB0354-B43B-4B77-8161-3D9C6F338256}
	EndGlobalSection
EndGlobal
